
Microsoft Visual Studio Solution File, Format Version 12.00
# Visual Studio Version 17
VisualStudioVersion = 17.2.32519.379
MinimumVisualStudioVersion = 10.0.40219.1
Project("{FAE04EC0-301F-11D3-BF4B-00C04F79EFBC}") = "FridgeUI", "FridgeUI\FridgeUI.csproj", "{6F645E60-755E-4AA2-8972-B4B262A1B4D0}"
EndProject
Global
	GlobalSection(SolutionConfigurationPlatforms) = preSolution
		Debug|Any CPU = Debug|Any CPU
		Release|Any CPU = Release|Any CPU
	EndGlobalSection
	GlobalSection(ProjectConfigurationPlatforms) = postSolution
		{6F645E60-755E-4AA2-8972-B4B262A1B4D0}.Debug|Any CPU.ActiveCfg = Debug|Any CPU
		{6F645E60-755E-4AA2-8972-B4B262A1B4D0}.Debug|Any CPU.Build.0 = Debug|Any CPU
		{6F645E60-755E-4AA2-8972-B4B262A1B4D0}.Release|Any CPU.ActiveCfg = Release|Any CPU
		{6F645E60-755E-4AA2-8972-B4B262A1B4D0}.Release|Any CPU.Build.0 = Release|Any CPU
	EndGlobalSection
	GlobalSection(SolutionProperties) = preSolution
		HideSolutionNode = FALSE
	EndGlobalSection
	GlobalSection(ExtensibilityGlobals) = postSolution
		SolutionGuid = {08447D34-54CC-4988-8FAD-95F0A61563C3}
	EndGlobalSection
EndGlobal
